
Microsoft Visual Studio Solution File, Format Version 12.00
# Visual Studio 15
VisualStudioVersion = 15.0.27703.2042
MinimumVisualStudioVersion = 10.0.40219.1
Project("{888888A0-9F3D-457C-B088-3A5042F75D52}") = "yahoo-finance-pynterface", "yahoo-finance-pynterface.pyproj", "{CAB145AD-8CA4-4FF8-B882-A342AD5107C9}"
EndProject
Global
	GlobalSection(SolutionConfigurationPlatforms) = preSolution
		Debug|Any CPU = Debug|Any CPU
		Release|Any CPU = Release|Any CPU
	EndGlobalSection
	GlobalSection(ProjectConfigurationPlatforms) = postSolution
		{CAB145AD-8CA4-4FF8-B882-A342AD5107C9}.Debug|Any CPU.ActiveCfg = Debug|Any CPU
		{CAB145AD-8CA4-4FF8-B882-A342AD5107C9}.Release|Any CPU.ActiveCfg = Release|Any CPU
	EndGlobalSection
	GlobalSection(SolutionProperties) = preSolution
		HideSolutionNode = FALSE
	EndGlobalSection
	GlobalSection(ExtensibilityGlobals) = postSolution
		SolutionGuid = {D3AD92CA-F843-4915-B4C1-AC2FA67C95A1}
	EndGlobalSection
EndGlobal
